
Microsoft Visual Studio Solution File, Format Version 12.00
# Visual Studio Express 2012 for Web
Project("{FAE04EC0-301F-11D3-BF4B-00C04F79EFBC}") = "MvcMovie", "MvcMovie\MvcMovie.csproj", "{FE7F437F-15E5-4416-992C-EDE84504B8B8}"
EndProject
Project("{FAE04EC0-301F-11D3-BF4B-00C04F79EFBC}") = "MvcMovie.Tests", "MvcMovie.Tests\MvcMovie.Tests.csproj", "{850D50A8-3D45-4E89-A074-C239D181A2B3}"
EndProject
Global
	GlobalSection(SolutionConfigurationPlatforms) = preSolution
		Debug|Any CPU = Debug|Any CPU
		Release|Any CPU = Release|Any CPU
	EndGlobalSection
	GlobalSection(ProjectConfigurationPlatforms) = postSolution
		{FE7F437F-15E5-4416-992C-EDE84504B8B8}.Debug|Any CPU.ActiveCfg = Debug|Any CPU
		{FE7F437F-15E5-4416-992C-EDE84504B8B8}.Debug|Any CPU.Build.0 = Debug|Any CPU
		{FE7F437F-15E5-4416-992C-EDE84504B8B8}.Debug|Any CPU.Deploy.0 = Debug|Any CPU
		{FE7F437F-15E5-4416-992C-EDE84504B8B8}.Release|Any CPU.ActiveCfg = Release|Any CPU
		{FE7F437F-15E5-4416-992C-EDE84504B8B8}.Release|Any CPU.Build.0 = Release|Any CPU
		{850D50A8-3D45-4E89-A074-C239D181A2B3}.Debug|Any CPU.ActiveCfg = Debug|Any CPU
		{850D50A8-3D45-4E89-A074-C239D181A2B3}.Debug|Any CPU.Build.0 = Debug|Any CPU
		{850D50A8-3D45-4E89-A074-C239D181A2B3}.Release|Any CPU.ActiveCfg = Release|Any CPU
		{850D50A8-3D45-4E89-A074-C239D181A2B3}.Release|Any CPU.Build.0 = Release|Any CPU
	EndGlobalSection
	GlobalSection(SolutionProperties) = preSolution
		HideSolutionNode = FALSE
	EndGlobalSection
EndGlobal
